Microsoft Visual Studio Solution File, Format Version 12.00
# Visual Studio 14
VisualStudioVersion = 14.0.25420.1
MinimumVisualStudioVersion = 10.0.40219.1
Project("{8BC9CEB8-8B4A-11D0-8D11-00A0C91BC942}") = "n3d", "n3d.vcxproj", "{C232D569-1D03-4057-9FB8-81D9A1FF885F}"
EndProject
Global
	GlobalSection(SolutionConfigurationPlatforms) = preSolution
		Debug|Win32 = Debug|Win32
		Release|Win32 = Release|Win32
	EndGlobalSection
	GlobalSection(ProjectConfigurationPlatforms) = postSolution
		{C232D569-1D03-4057-9FB8-81D9A1FF885F}.Debug|Win32.ActiveCfg = Debug|Win32
		{C232D569-1D03-4057-9FB8-81D9A1FF885F}.Debug|Win32.Build.0 = Debug|Win32
		{C232D569-1D03-4057-9FB8-81D9A1FF885F}.Release|Win32.ActiveCfg = Release|Win32
		{C232D569-1D03-4057-9FB8-81D9A1FF885F}.Release|Win32.Build.0 = Release|Win32
	EndGlobalSection
	GlobalSection(SolutionProperties) = preSolution
		HideSolutionNode = FALSE
	EndGlobalSection
EndGlobal
