<?xml version="1.0" encoding="utf-8"?>
<Project ToolsVersion="4.0" xmlns="http://schemas.microsoft.com/developer/msbuild/2003">
  <ItemGroup>
    <Filter Include="Source Files">
      <UniqueIdentifier>{4FC737F1-C7A5-4376-A066-2A32D752A2FF}</UniqueIdentifier>
      <Extensions>cpp;c;cxx;def;odl;idl;hpj;bat;asm;asmx</Extensions>
    </Filter>
    <Filter Include="Header Files">
      <UniqueIdentifier>{93995380-89BD-4b04-88EB-625FBE52EBFB}</UniqueIdentifier>
      <Extensions>h;hpp;hxx;hm;inl;inc;xsd</Extensions>
    </Filter>
    <Filter Include="Resource Files">
      <UniqueIdentifier>{67DA6AB6-F800-4c08-8B7A-83BB121AAD01}</UniqueIdentifier>
      <Extensions>rc;ico;cur;bmp;dlg;rc2;rct;bin;rgs;gif;jpg;jpeg;jpe;resx</Extensions>
    </Filter>
  </ItemGroup>
  <ItemGroup>
    <ClCompile Include="aff.cpp">
      <Filter>Source Files</Filter>
    </ClCompile>
    <ClCompile Include="Alg.cpp">
      <Filter>Source Files</Filter>
    </ClCompile>
    <ClCompile Include="Attr.cpp">
      <Filter>Source Files</Filter>
    </ClCompile>
    <ClCompile Include="Camera.cpp">
      <Filter>Source Files</Filter>
    </ClCompile>
    <ClCompile Include="Canon.cpp">
      <Filter>Source Files</Filter>
    </ClCompile>
    <ClCompile Include="cgApplication.cpp">
      <Filter>Source Files</Filter>
    </ClCompile>
    <ClCompile Include="Cgbutton.cpp">
      <Filter>Source Files</Filter>
    </ClCompile>
    <ClCompile Include="cgCheckBox.cpp">
      <Filter>Source Files</Filter>
    </ClCompile>
    <ClCompile Include="cgChoiceBox.cpp">
      <Filter>Source Files</Filter>
    </ClCompile>
    <ClCompile Include="cgControl.cpp">
      <Filter>Source Files</Filter>
    </ClCompile>
    <ClCompile Include="Cgform.cpp">
      <Filter>Source Files</Filter>
    </ClCompile>
    <ClCompile Include="Cgframe.cpp">
      <Filter>Source Files</Filter>
    </ClCompile>
    <ClCompile Include="Cglabel.cpp">
      <Filter>Source Files</Filter>
    </ClCompile>
    <ClCompile Include="cgRadioButton.cpp">
      <Filter>Source Files</Filter>
    </ClCompile>
    <ClCompile Include="Cgslider.cpp">
      <Filter>Source Files</Filter>
    </ClCompile>
    <ClCompile Include="cgSliderWithDisplay.cpp">
      <Filter>Source Files</Filter>
    </ClCompile>
    <ClCompile Include="cgSpinner.cpp">
      <Filter>Source Files</Filter>
    </ClCompile>
    <ClCompile Include="cgTextBox.cpp">
      <Filter>Source Files</Filter>
    </ClCompile>
    <ClCompile Include="Cgview.cpp">
      <Filter>Source Files</Filter>
    </ClCompile>
    <ClCompile Include="Cgwindow.cpp">
      <Filter>Source Files</Filter>
    </ClCompile>
    <ClCompile Include="Chaine.cpp">
      <Filter>Source Files</Filter>
    </ClCompile>
    <ClCompile Include="Coeff.cpp">
      <Filter>Source Files</Filter>
    </ClCompile>
    <ClCompile Include="Couleur.cpp">
      <Filter>Source Files</Filter>
    </ClCompile>
    <ClCompile Include="Couleurs.cpp">
      <Filter>Source Files</Filter>
    </ClCompile>
    <ClCompile Include="Cylindre.cpp">
      <Filter>Source Files</Filter>
    </ClCompile>
    <ClCompile Include="definition.cpp">
      <Filter>Source Files</Filter>
    </ClCompile>
    <ClCompile Include="designateur.cpp">
      <Filter>Source Files</Filter>
    </ClCompile>
    <ClCompile Include="DisplayOpenGL.cpp">
      <Filter>Source Files</Filter>
    </ClCompile>
    <ClCompile Include="Droite.cpp">
      <Filter>Source Files</Filter>
    </ClCompile>
    <ClCompile Include="editiontp4.cpp">
      <Filter>Source Files</Filter>
    </ClCompile>
    <ClCompile Include="Englobe.cpp">
      <Filter>Source Files</Filter>
    </ClCompile>
    <ClCompile Include="Ensemble.cpp">
      <Filter>Source Files</Filter>
    </ClCompile>
    <ClCompile Include="Eps.cpp">
      <Filter>Source Files</Filter>
    </ClCompile>
    <ClCompile Include="Erreur.cpp">
      <Filter>Source Files</Filter>
    </ClCompile>
    <ClCompile Include="FenetreAnimation.cpp">
      <Filter>Source Files</Filter>
    </ClCompile>
    <ClCompile Include="FenetreCamera.cpp">
      <Filter>Source Files</Filter>
    </ClCompile>
    <ClCompile Include="FenetreDesignateur.cpp">
      <Filter>Source Files</Filter>
    </ClCompile>
    <ClCompile Include="FenetreLumiere.cpp">
      <Filter>Source Files</Filter>
    </ClCompile>
    <ClCompile Include="FenetrePrincipale.cpp">
      <Filter>Source Files</Filter>
    </ClCompile>
    <ClCompile Include="FenetreSetting.cpp">
      <Filter>Source Files</Filter>
    </ClCompile>
    <ClCompile Include="FenetreTransformation.cpp">
      <Filter>Source Files</Filter>
    </ClCompile>
    <ClCompile Include="Fichier.cpp">
      <Filter>Source Files</Filter>
    </ClCompile>
    <ClCompile Include="fractal.cpp">
      <Filter>Source Files</Filter>
    </ClCompile>
    <ClCompile Include="Geo.cpp">
      <Filter>Source Files</Filter>
    </ClCompile>
    <ClCompile Include="Global.cpp">
      <Filter>Source Files</Filter>
    </ClCompile>
    <ClCompile Include="Inter.cpp">
      <Filter>Source Files</Filter>
    </ClCompile>
    <ClCompile Include="Io.cpp">
      <Filter>Source Files</Filter>
    </ClCompile>
    <ClCompile Include="Lumiere.cpp">
      <Filter>Source Files</Filter>
    </ClCompile>
    <ClCompile Include="Main.cpp">
      <Filter>Source Files</Filter>
    </ClCompile>
    <ClCompile Include="Mat.cpp">
      <Filter>Source Files</Filter>
    </ClCompile>
    <ClCompile Include="Objet.cpp">
      <Filter>Source Files</Filter>
    </ClCompile>
    <ClCompile Include="Parser.cpp">
      <Filter>Source Files</Filter>
    </ClCompile>
    <ClCompile Include="Parti.cpp">
      <Filter>Source Files</Filter>
    </ClCompile>
    <ClCompile Include="particule.cpp">
      <Filter>Source Files</Filter>
    </ClCompile>
    <ClCompile Include="Photon.cpp">
      <Filter>Source Files</Filter>
    </ClCompile>
    <ClCompile Include="PhotonMap.cpp">
      <Filter>Source Files</Filter>
    </ClCompile>
    <ClCompile Include="Plan.cpp">
      <Filter>Source Files</Filter>
    </ClCompile>
    <ClCompile Include="Point.cpp">
      <Filter>Source Files</Filter>
    </ClCompile>
    <ClCompile Include="Polygone.cpp">
      <Filter>Source Files</Filter>
    </ClCompile>
    <ClCompile Include="Ponctuelle.cpp">
      <Filter>Source Files</Filter>
    </ClCompile>
    <ClCompile Include="Scene.cpp">
      <Filter>Source Files</Filter>
    </ClCompile>
    <ClCompile Include="SceneCamera.cpp">
      <Filter>Source Files</Filter>
    </ClCompile>
    <ClCompile Include="Segment.cpp">
      <Filter>Source Files</Filter>
    </ClCompile>
    <ClCompile Include="Select.cpp">
      <Filter>Source Files</Filter>
    </ClCompile>
    <ClCompile Include="Settings.cpp">
      <Filter>Source Files</Filter>
    </ClCompile>
    <ClCompile Include="SettingTracePhoton.cpp">
      <Filter>Source Files</Filter>
    </ClCompile>
    <ClCompile Include="Sphere.cpp">
      <Filter>Source Files</Filter>
    </ClCompile>
    <ClCompile Include="Spotlight.cpp">
      <Filter>Source Files</Filter>
    </ClCompile>
    <ClCompile Include="Transfo.cpp">
      <Filter>Source Files</Filter>
    </ClCompile>
    <ClCompile Include="Util.cpp">
      <Filter>Source Files</Filter>
    </ClCompile>
    <ClCompile Include="Utilalg.cpp">
      <Filter>Source Files</Filter>
    </ClCompile>
    <ClCompile Include="Utilreel.cpp">
      <Filter>Source Files</Filter>
    </ClCompile>
    <ClCompile Include="Vide.cpp">
      <Filter>Source Files</Filter>
    </ClCompile>
    <ClCompile Include="Vision.cpp">
      <Filter>Source Files</Filter>
    </ClCompile>
    <ClCompile Include="Volume.cpp">
      <Filter>Source Files</Filter>
    </ClCompile>
    <ClCompile Include="GenerePhoton.cpp">
      <Filter>Source Files</Filter>
    </ClCompile>
    <ClCompile Include="Rayons.cpp">
      <Filter>Source Files</Filter>
    </ClCompile>
  </ItemGroup>
  <ItemGroup>
    <ClInclude Include="Aff.h">
      <Filter>Header Files</Filter>
    </ClInclude>
    <ClInclude Include="Alg.h">
      <Filter>Header Files</Filter>
    </ClInclude>
    <ClInclude Include="Attr.h">
      <Filter>Header Files</Filter>
    </ClInclude>
    <ClInclude Include="Camera.h">
      <Filter>Header Files</Filter>
    </ClInclude>
    <ClInclude Include="Canon.h">
      <Filter>Header Files</Filter>
    </ClInclude>
    <ClInclude Include="cgApplication.h">
      <Filter>Header Files</Filter>
    </ClInclude>
    <ClInclude Include="Cgbutton.h">
      <Filter>Header Files</Filter>
    </ClInclude>
    <ClInclude Include="cgCheckBox.h">
      <Filter>Header Files</Filter>
    </ClInclude>
    <ClInclude Include="cgChoiceBox.h">
      <Filter>Header Files</Filter>
    </ClInclude>
    <ClInclude Include="cgControl.h">
      <Filter>Header Files</Filter>
    </ClInclude>
    <ClInclude Include="cgcString.h">
      <Filter>Header Files</Filter>
    </ClInclude>
    <ClInclude Include="cgcTableau.h">
      <Filter>Header Files</Filter>
    </ClInclude>
    <ClInclude Include="Cgform.h">
      <Filter>Header Files</Filter>
    </ClInclude>
    <ClInclude Include="Cgframe.h">
      <Filter>Header Files</Filter>
    </ClInclude>
    <ClInclude Include="Cglabel.h">
      <Filter>Header Files</Filter>
    </ClInclude>
    <ClInclude Include="cgRadioButton.h">
      <Filter>Header Files</Filter>
    </ClInclude>
    <ClInclude Include="Cgslider.h">
      <Filter>Header Files</Filter>
    </ClInclude>
    <ClInclude Include="cgSliderWithDisplay.h">
      <Filter>Header Files</Filter>
    </ClInclude>
    <ClInclude Include="cgSpinner.h">
      <Filter>Header Files</Filter>
    </ClInclude>
    <ClInclude Include="cgTextBox.h">
      <Filter>Header Files</Filter>
    </ClInclude>
    <ClInclude Include="Cgview.h">
      <Filter>Header Files</Filter>
    </ClInclude>
    <ClInclude Include="Cgwindow.h">
      <Filter>Header Files</Filter>
    </ClInclude>
    <ClInclude Include="Chaine.h">
      <Filter>Header Files</Filter>
    </ClInclude>
    <ClInclude Include="Coeff.h">
      <Filter>Header Files</Filter>
    </ClInclude>
    <ClInclude Include="composante.h">
      <Filter>Header Files</Filter>
    </ClInclude>
    <ClInclude Include="Couleur.h">
      <Filter>Header Files</Filter>
    </ClInclude>
    <ClInclude Include="Couleurs.h">
      <Filter>Header Files</Filter>
    </ClInclude>
    <ClInclude Include="Cylindre.h">
      <Filter>Header Files</Filter>
    </ClInclude>
    <ClInclude Include="definition.h">
      <Filter>Header Files</Filter>
    </ClInclude>
    <ClInclude Include="designateur.h">
      <Filter>Header Files</Filter>
    </ClInclude>
    <ClInclude Include="DisplayOpenGL.h">
      <Filter>Header Files</Filter>
    </ClInclude>
    <ClInclude Include="Droite.h">
      <Filter>Header Files</Filter>
    </ClInclude>
    <ClInclude Include="Englobe.h">
      <Filter>Header Files</Filter>
    </ClInclude>
    <ClInclude Include="Ensemble.h">
      <Filter>Header Files</Filter>
    </ClInclude>
    <ClInclude Include="Eps.h">
      <Filter>Header Files</Filter>
    </ClInclude>
    <ClInclude Include="Erreur.h">
      <Filter>Header Files</Filter>
    </ClInclude>
    <ClInclude Include="FenetreAnimation.h">
      <Filter>Header Files</Filter>
    </ClInclude>
    <ClInclude Include="FenetreCamera.h">
      <Filter>Header Files</Filter>
    </ClInclude>
    <ClInclude Include="FenetreDesignateur.h">
      <Filter>Header Files</Filter>
    </ClInclude>
    <ClInclude Include="FenetreLumiere.h">
      <Filter>Header Files</Filter>
    </ClInclude>
    <ClInclude Include="FenetrePrincipale.h">
      <Filter>Header Files</Filter>
    </ClInclude>
    <ClInclude Include="FenetreSetting.h">
      <Filter>Header Files</Filter>
    </ClInclude>
    <ClInclude Include="FenetreTransformation.h">
      <Filter>Header Files</Filter>
    </ClInclude>
    <ClInclude Include="Fichier.h">
      <Filter>Header Files</Filter>
    </ClInclude>
    <ClInclude Include="Fractal.h">
      <Filter>Header Files</Filter>
    </ClInclude>
    <ClInclude Include="GenerePhoton.h">
      <Filter>Header Files</Filter>
    </ClInclude>
    <ClInclude Include="Geo.h">
      <Filter>Header Files</Filter>
    </ClInclude>
    <ClInclude Include="Global.h">
      <Filter>Header Files</Filter>
    </ClInclude>
    <ClInclude Include="glut.h">
      <Filter>Header Files</Filter>
    </ClInclude>
    <ClInclude Include="Inter.h">
      <Filter>Header Files</Filter>
    </ClInclude>
    <ClInclude Include="Io.h">
      <Filter>Header Files</Filter>
    </ClInclude>
    <ClInclude Include="Lumiere.h">
      <Filter>Header Files</Filter>
    </ClInclude>
    <ClInclude Include="Main.h">
      <Filter>Header Files</Filter>
    </ClInclude>
    <ClInclude Include="Mat.h">
      <Filter>Header Files</Filter>
    </ClInclude>
    <ClInclude Include="MersenneTwister.h">
      <Filter>Header Files</Filter>
    </ClInclude>
    <ClInclude Include="Objet.h">
      <Filter>Header Files</Filter>
    </ClInclude>
    <ClInclude Include="Objets.h">
      <Filter>Header Files</Filter>
    </ClInclude>
    <ClInclude Include="Parser.h">
      <Filter>Header Files</Filter>
    </ClInclude>
    <ClInclude Include="Parti.h">
      <Filter>Header Files</Filter>
    </ClInclude>
    <ClInclude Include="particule.h">
      <Filter>Header Files</Filter>
    </ClInclude>
    <ClInclude Include="Photon.h">
      <Filter>Header Files</Filter>
    </ClInclude>
    <ClInclude Include="PhotonMap.h">
      <Filter>Header Files</Filter>
    </ClInclude>
    <ClInclude Include="Plan.h">
      <Filter>Header Files</Filter>
    </ClInclude>
    <ClInclude Include="Point.h">
      <Filter>Header Files</Filter>
    </ClInclude>
    <ClInclude Include="Polygone.h">
      <Filter>Header Files</Filter>
    </ClInclude>
    <ClInclude Include="Ponctuelle.h">
      <Filter>Header Files</Filter>
    </ClInclude>
    <ClInclude Include="Rayons.h">
      <Filter>Header Files</Filter>
    </ClInclude>
    <ClInclude Include="Scene.h">
      <Filter>Header Files</Filter>
    </ClInclude>
    <ClInclude Include="SceneCamera.h">
      <Filter>Header Files</Filter>
    </ClInclude>
    <ClInclude Include="Segment.h">
      <Filter>Header Files</Filter>
    </ClInclude>
    <ClInclude Include="Select.h">
      <Filter>Header Files</Filter>
    </ClInclude>
    <ClInclude Include="Settings.h">
      <Filter>Header Files</Filter>
    </ClInclude>
    <ClInclude Include="SettingTracePhoton.h">
      <Filter>Header Files</Filter>
    </ClInclude>
    <ClInclude Include="Sphere.h">
      <Filter>Header Files</Filter>
    </ClInclude>
    <ClInclude Include="Spotlight.h">
      <Filter>Header Files</Filter>
    </ClInclude>
    <ClInclude Include="Transfo.h">
      <Filter>Header Files</Filter>
    </ClInclude>
    <ClInclude Include="typeobjet.h">
      <Filter>Header Files</Filter>
    </ClInclude>
    <ClInclude Include="Util.h">
      <Filter>Header Files</Filter>
    </ClInclude>
    <ClInclude Include="Utilalg.h">
      <Filter>Header Files</Filter>
    </ClInclude>
    <ClInclude Include="Utilreel.h">
      <Filter>Header Files</Filter>
    </ClInclude>
    <ClInclude Include="Vide.h">
      <Filter>Header Files</Filter>
    </ClInclude>
    <ClInclude Include="Vision.h">
      <Filter>Header Files</Filter>
    </ClInclude>
    <ClInclude Include="Volume.h">
      <Filter>Header Files</Filter>
    </ClInclude>
  </ItemGroup>
</Project>